
Microsoft Visual Studio Solution File, Format Version 12.00
# Visual Studio 15
VisualStudioVersion = 15.0.27428.2015
MinimumVisualStudioVersion = 10.0.40219.1
Project("{FAE04EC0-301F-11D3-BF4B-00C04F79EFBC}") = "MonitoringService", "MonitoringService\MonitoringService.csproj", "{5572C016-D552-46B5-B54B-B64586C123CC}"
EndProject
Global
	GlobalSection(SolutionConfigurationPlatforms) = preSolution
		Debug|Any CPU = Debug|Any CPU
		Release|Any CPU = Release|Any CPU
	EndGlobalSection
	GlobalSection(ProjectConfigurationPlatforms) = postSolution
		{5572C016-D552-46B5-B54B-B64586C123CC}.Debug|Any CPU.ActiveCfg = Debug|Any CPU
		{5572C016-D552-46B5-B54B-B64586C123CC}.Debug|Any CPU.Build.0 = Debug|Any CPU
		{5572C016-D552-46B5-B54B-B64586C123CC}.Release|Any CPU.ActiveCfg = Release|Any CPU
		{5572C016-D552-46B5-B54B-B64586C123CC}.Release|Any CPU.Build.0 = Release|Any CPU
	EndGlobalSection
	GlobalSection(SolutionProperties) = preSolution
		HideSolutionNode = FALSE
	EndGlobalSection
	GlobalSection(ExtensibilityGlobals) = postSolution
		SolutionGuid = {736B696F-F246-4459-8421-1044948DE411}
	EndGlobalSection
EndGlobal
